
Microsoft Visual Studio Solution File, Format Version 12.00
# 
Project("{FAE04EC0-301F-11D3-BF4B-00C04F79EFBC}") = "SoilQualityMonitoringSystem", "SoilQualityMonitoringSystem\SoilQualityMonitoringSystem.csproj", "{C0A06421-357A-46D1-834D-8E1660067863}"
EndProject
Project("{FAE04EC0-301F-11D3-BF4B-00C04F79EFBC}") = "API", "API\API.csproj", "{44DDFB20-DE43-41E1-B2E7-D9A67BE83C70}"
EndProject
Project("{FAE04EC0-301F-11D3-BF4B-00C04F79EFBC}") = "BLL", "BLL\BLL.csproj", "{C43E58D3-8921-4C21-BA51-4EAF210A4DC8}"
EndProject
Project("{FAE04EC0-301F-11D3-BF4B-00C04F79EFBC}") = "CCL", "CCL\CCL.csproj", "{D4D0F878-B679-45AC-9B14-2C058677D276}"
EndProject
Project("{FAE04EC0-301F-11D3-BF4B-00C04F79EFBC}") = "DAL", "DAL\DAL.csproj", "{C75200FB-1E46-451A-AF9C-30E1948DC97A}"
EndProject
Project("{FAE04EC0-301F-11D3-BF4B-00C04F79EFBC}") = "BLL.Tests", "BLL.Tests\BLL.Tests.csproj", "{576AF527-645C-434B-9D59-475235755692}"
EndProject
Project("{FAE04EC0-301F-11D3-BF4B-00C04F79EFBC}") = "DAL.Tests", "DAL.Tests\DAL.Tests.csproj", "{04571AF9-A213-4FD1-8D8B-E9D0DB8AF16E}"
EndProject
Global
	GlobalSection(SolutionConfigurationPlatforms) = preSolution
		Debug|Any CPU = Debug|Any CPU
		Release|Any CPU = Release|Any CPU
	EndGlobalSection
	GlobalSection(ProjectConfigurationPlatforms) = postSolution
		{C0A06421-357A-46D1-834D-8E1660067863}.Debug|Any CPU.ActiveCfg = Debug|Any CPU
		{C0A06421-357A-46D1-834D-8E1660067863}.Debug|Any CPU.Build.0 = Debug|Any CPU
		{C0A06421-357A-46D1-834D-8E1660067863}.Release|Any CPU.ActiveCfg = Release|Any CPU
		{C0A06421-357A-46D1-834D-8E1660067863}.Release|Any CPU.Build.0 = Release|Any CPU
		{44DDFB20-DE43-41E1-B2E7-D9A67BE83C70}.Debug|Any CPU.ActiveCfg = Debug|Any CPU
		{44DDFB20-DE43-41E1-B2E7-D9A67BE83C70}.Debug|Any CPU.Build.0 = Debug|Any CPU
		{44DDFB20-DE43-41E1-B2E7-D9A67BE83C70}.Release|Any CPU.ActiveCfg = Release|Any CPU
		{44DDFB20-DE43-41E1-B2E7-D9A67BE83C70}.Release|Any CPU.Build.0 = Release|Any CPU
		{C43E58D3-8921-4C21-BA51-4EAF210A4DC8}.Debug|Any CPU.ActiveCfg = Debug|Any CPU
		{C43E58D3-8921-4C21-BA51-4EAF210A4DC8}.Debug|Any CPU.Build.0 = Debug|Any CPU
		{C43E58D3-8921-4C21-BA51-4EAF210A4DC8}.Release|Any CPU.ActiveCfg = Release|Any CPU
		{C43E58D3-8921-4C21-BA51-4EAF210A4DC8}.Release|Any CPU.Build.0 = Release|Any CPU
		{D4D0F878-B679-45AC-9B14-2C058677D276}.Debug|Any CPU.ActiveCfg = Debug|Any CPU
		{D4D0F878-B679-45AC-9B14-2C058677D276}.Debug|Any CPU.Build.0 = Debug|Any CPU
		{D4D0F878-B679-45AC-9B14-2C058677D276}.Release|Any CPU.ActiveCfg = Release|Any CPU
		{D4D0F878-B679-45AC-9B14-2C058677D276}.Release|Any CPU.Build.0 = Release|Any CPU
		{C75200FB-1E46-451A-AF9C-30E1948DC97A}.Debug|Any CPU.ActiveCfg = Debug|Any CPU
		{C75200FB-1E46-451A-AF9C-30E1948DC97A}.Debug|Any CPU.Build.0 = Debug|Any CPU
		{C75200FB-1E46-451A-AF9C-30E1948DC97A}.Release|Any CPU.ActiveCfg = Release|Any CPU
		{C75200FB-1E46-451A-AF9C-30E1948DC97A}.Release|Any CPU.Build.0 = Release|Any CPU
		{576AF527-645C-434B-9D59-475235755692}.Debug|Any CPU.ActiveCfg = Debug|Any CPU
		{576AF527-645C-434B-9D59-475235755692}.Debug|Any CPU.Build.0 = Debug|Any CPU
		{576AF527-645C-434B-9D59-475235755692}.Release|Any CPU.ActiveCfg = Release|Any CPU
		{576AF527-645C-434B-9D59-475235755692}.Release|Any CPU.Build.0 = Release|Any CPU
		{04571AF9-A213-4FD1-8D8B-E9D0DB8AF16E}.Debug|Any CPU.ActiveCfg = Debug|Any CPU
		{04571AF9-A213-4FD1-8D8B-E9D0DB8AF16E}.Debug|Any CPU.Build.0 = Debug|Any CPU
		{04571AF9-A213-4FD1-8D8B-E9D0DB8AF16E}.Release|Any CPU.ActiveCfg = Release|Any CPU
		{04571AF9-A213-4FD1-8D8B-E9D0DB8AF16E}.Release|Any CPU.Build.0 = Release|Any CPU
	EndGlobalSection
EndGlobal
